
Microsoft Visual Studio Solution File, Format Version 12.00
# Visual Studio Version 17
VisualStudioVersion = 17.2.32505.173
MinimumVisualStudioVersion = 10.0.40219.1
Project("{8BC9CEB8-8B4A-11D0-8D11-00A0C91BC942}") = "C867PA", "C867PA\C867PA.vcxproj", "{A019C9C1-E9A8-4B33-97B1-2B84BBD7E311}"
EndProject
Global
	GlobalSection(SolutionConfigurationPlatforms) = preSolution
		Debug|x64 = Debug|x64
		Debug|x86 = Debug|x86
		Release|x64 = Release|x64
		Release|x86 = Release|x86
	EndGlobalSection
	GlobalSection(ProjectConfigurationPlatforms) = postSolution
		{A019C9C1-E9A8-4B33-97B1-2B84BBD7E311}.Debug|x64.ActiveCfg = Debug|x64
		{A019C9C1-E9A8-4B33-97B1-2B84BBD7E311}.Debug|x64.Build.0 = Debug|x64
		{A019C9C1-E9A8-4B33-97B1-2B84BBD7E311}.Debug|x86.ActiveCfg = Debug|Win32
		{A019C9C1-E9A8-4B33-97B1-2B84BBD7E311}.Debug|x86.Build.0 = Debug|Win32
		{A019C9C1-E9A8-4B33-97B1-2B84BBD7E311}.Release|x64.ActiveCfg = Release|x64
		{A019C9C1-E9A8-4B33-97B1-2B84BBD7E311}.Release|x64.Build.0 = Release|x64
		{A019C9C1-E9A8-4B33-97B1-2B84BBD7E311}.Release|x86.ActiveCfg = Release|Win32
		{A019C9C1-E9A8-4B33-97B1-2B84BBD7E311}.Release|x86.Build.0 = Release|Win32
	EndGlobalSection
	GlobalSection(SolutionProperties) = preSolution
		HideSolutionNode = FALSE
	EndGlobalSection
	GlobalSection(ExtensibilityGlobals) = postSolution
		SolutionGuid = {158131A0-2E62-4E12-B1C2-80811FABE25E}
	EndGlobalSection
EndGlobal
